// !$*UTF8*$!
{
	archiveVersion = 1;
	classes = {
	};
	objectVersion = 56;
	objects = {

/* Begin PBXBuildFile section */
		B13112072A594AC100CB5B9E /* RickAndMortyApp.swift in Sources */ = {isa = PBXBuildFile; fileRef = B13112062A594AC100CB5B9E /* RickAndMortyApp.swift */; };
		B13112092A594AC100CB5B9E /* RickAndMortyList.swift in Sources */ = {isa = PBXBuildFile; fileRef = B13112082A594AC100CB5B9E /* RickAndMortyList.swift */; };
		B131120B2A594AC100CB5B9E /* Assets.xcassets in Resources */ = {isa = PBXBuildFile; fileRef = B131120A2A594AC100CB5B9E /* Assets.xcassets */; };
		B131120E2A594AC100CB5B9E /* Preview Assets.xcassets in Resources */ = {isa = PBXBuildFile; fileRef = B131120D2A594AC100CB5B9E /* Preview Assets.xcassets */; };
		B13112102A594AC100CB5B9E /* Persistence.swift in Sources */ = {isa = PBXBuildFile; fileRef = B131120F2A594AC100CB5B9E /* Persistence.swift */; };
		B13112132A594AC100CB5B9E /* Rick_and_Morty.xcdatamodeld in Sources */ = {isa = PBXBuildFile; fileRef = B13112112A594AC100CB5B9E /* Rick_and_Morty.xcdatamodeld */; };
		B131121D2A594AC100CB5B9E /* Rick_and_MortyTests.swift in Sources */ = {isa = PBXBuildFile; fileRef = B131121C2A594AC100CB5B9E /* Rick_and_MortyTests.swift */; };
		B13112272A594AC200CB5B9E /* Rick_and_MortyUITests.swift in Sources */ = {isa = PBXBuildFile; fileRef = B13112262A594AC200CB5B9E /* Rick_and_MortyUITests.swift */; };
		B13112292A594AC200CB5B9E /* Rick_and_MortyUITestsLaunchTests.swift in Sources */ = {isa = PBXBuildFile; fileRef = B13112282A594AC200CB5B9E /* Rick_and_MortyUITestsLaunchTests.swift */; };
		B13112372A594C3F00CB5B9E /* Api.swift in Sources */ = {isa = PBXBuildFile; fileRef = B13112362A594C3F00CB5B9E /* Api.swift */; };
		B13112392A594C8300CB5B9E /* ApiProtocol.swift in Sources */ = {isa = PBXBuildFile; fileRef = B13112382A594C8300CB5B9E /* ApiProtocol.swift */; };
		B131123B2A594CA900CB5B9E /* ApiConfigurationProtocol.swift in Sources */ = {isa = PBXBuildFile; fileRef = B131123A2A594CA900CB5B9E /* ApiConfigurationProtocol.swift */; };
		B131123D2A594CCA00CB5B9E /* ApiMethod.swift in Sources */ = {isa = PBXBuildFile; fileRef = B131123C2A594CCA00CB5B9E /* ApiMethod.swift */; };
		B131123F2A594D0000CB5B9E /* ApiEndpoint.swift in Sources */ = {isa = PBXBuildFile; fileRef = B131123E2A594D0000CB5B9E /* ApiEndpoint.swift */; };
		B13112412A594D1F00CB5B9E /* ApiError.swift in Sources */ = {isa = PBXBuildFile; fileRef = B13112402A594D1F00CB5B9E /* ApiError.swift */; };
		B13112452A594FC200CB5B9E /* RickAndMortyListModel.swift in Sources */ = {isa = PBXBuildFile; fileRef = B13112442A594FC200CB5B9E /* RickAndMortyListModel.swift */; };
		B13112472A594FD800CB5B9E /* RickAndMortyListViewModel.swift in Sources */ = {isa = PBXBuildFile; fileRef = B13112462A594FD800CB5B9E /* RickAndMortyListViewModel.swift */; };
		B131124B2A59592900CB5B9E /* RickAndMortyServices.swift in Sources */ = {isa = PBXBuildFile; fileRef = B131124A2A59592900CB5B9E /* RickAndMortyServices.swift */; };
		B131124F2A59649000CB5B9E /* CharacterCell.swift in Sources */ = {isa = PBXBuildFile; fileRef = B131124E2A59649000CB5B9E /* CharacterCell.swift */; };
		B13112522A596E1700CB5B9E /* DetailView.swift in Sources */ = {isa = PBXBuildFile; fileRef = B13112512A596E1700CB5B9E /* DetailView.swift */; };
/* End PBXBuildFile section */

/* Begin PBXContainerItemProxy section */
		B13112192A594AC100CB5B9E /* PBXContainerItemProxy */ = {
			isa = PBXContainerItemProxy;
			containerPortal = B13111FB2A594AC000CB5B9E /* Project object */;
			proxyType = 1;
			remoteGlobalIDString = B13112022A594AC100CB5B9E;
			remoteInfo = Rick_and_Morty;
		};
		B13112232A594AC200CB5B9E /* PBXContainerItemProxy */ = {
			isa = PBXContainerItemProxy;
			containerPortal = B13111FB2A594AC000CB5B9E /* Project object */;
			proxyType = 1;
			remoteGlobalIDString = B13112022A594AC100CB5B9E;
			remoteInfo = Rick_and_Morty;
		};
/* End PBXContainerItemProxy section */

/* Begin PBXFileReference section */
		B13112032A594AC100CB5B9E /* Rick_and_Morty.app */ = {isa = PBXFileReference; explicitFileType = wrapper.application; includeInIndex = 0; path = Rick_and_Morty.app; sourceTree = BUILT_PRODUCTS_DIR; };
		B13112062A594AC100CB5B9E /* RickAndMortyApp.swift */ = {isa = PBXFileReference; lastKnownFileType = sourcecode.swift; path = RickAndMortyApp.swift; sourceTree = "<group>"; };
		B13112082A594AC100CB5B9E /* RickAndMortyList.swift */ = {isa = PBXFileReference; lastKnownFileType = sourcecode.swift; path = RickAndMortyList.swift; sourceTree = "<group>"; };
		B131120A2A594AC100CB5B9E /* Assets.xcassets */ = {isa = PBXFileReference; lastKnownFileType = folder.assetcatalog; path = Assets.xcassets; sourceTree = "<group>"; };
		B131120D2A594AC100CB5B9E /* Preview Assets.xcassets */ = {isa = PBXFileReference; lastKnownFileType = folder.assetcatalog; path = "Preview Assets.xcassets"; sourceTree = "<group>"; };
		B131120F2A594AC100CB5B9E /* Persistence.swift */ = {isa = PBXFileReference; lastKnownFileType = sourcecode.swift; path = Persistence.swift; sourceTree = "<group>"; };
		B13112122A594AC100CB5B9E /* Rick_and_Morty.xcdatamodel */ = {isa = PBXFileReference; lastKnownFileType = wrapper.xcdatamodel; path = Rick_and_Morty.xcdatamodel; sourceTree = "<group>"; };
		B13112182A594AC100CB5B9E /* Rick_and_MortyTests.xctest */ = {isa = PBXFileReference; explicitFileType = wrapper.cfbundle; includeInIndex = 0; path = Rick_and_MortyTests.xctest; sourceTree = BUILT_PRODUCTS_DIR; };
		B131121C2A594AC100CB5B9E /* Rick_and_MortyTests.swift */ = {isa = PBXFileReference; lastKnownFileType = sourcecode.swift; path = Rick_and_MortyTests.swift; sourceTree = "<group>"; };
		B13112222A594AC200CB5B9E /* Rick_and_MortyUITests.xctest */ = {isa = PBXFileReference; explicitFileType = wrapper.cfbundle; includeInIndex = 0; path = Rick_and_MortyUITests.xctest; sourceTree = BUILT_PRODUCTS_DIR; };
		B13112262A594AC200CB5B9E /* Rick_and_MortyUITests.swift */ = {isa = PBXFileReference; lastKnownFileType = sourcecode.swift; path = Rick_and_MortyUITests.swift; sourceTree = "<group>"; };
		B13112282A594AC200CB5B9E /* Rick_and_MortyUITestsLaunchTests.swift */ = {isa = PBXFileReference; lastKnownFileType = sourcecode.swift; path = Rick_and_MortyUITestsLaunchTests.swift; sourceTree = "<group>"; };
		B13112362A594C3F00CB5B9E /* Api.swift */ = {isa = PBXFileReference; lastKnownFileType = sourcecode.swift; path = Api.swift; sourceTree = "<group>"; };
		B13112382A594C8300CB5B9E /* ApiProtocol.swift */ = {isa = PBXFileReference; lastKnownFileType = sourcecode.swift; path = ApiProtocol.swift; sourceTree = "<group>"; };
		B131123A2A594CA900CB5B9E /* ApiConfigurationProtocol.swift */ = {isa = PBXFileReference; lastKnownFileType = sourcecode.swift; path = ApiConfigurationProtocol.swift; sourceTree = "<group>"; };
		B131123C2A594CCA00CB5B9E /* ApiMethod.swift */ = {isa = PBXFileReference; lastKnownFileType = sourcecode.swift; path = ApiMethod.swift; sourceTree = "<group>"; };
		B131123E2A594D0000CB5B9E /* ApiEndpoint.swift */ = {isa = PBXFileReference; lastKnownFileType = sourcecode.swift; path = ApiEndpoint.swift; sourceTree = "<group>"; };
		B13112402A594D1F00CB5B9E /* ApiError.swift */ = {isa = PBXFileReference; lastKnownFileType = sourcecode.swift; path = ApiError.swift; sourceTree = "<group>"; };
		B13112442A594FC200CB5B9E /* RickAndMortyListModel.swift */ = {isa = PBXFileReference; lastKnownFileType = sourcecode.swift; path = RickAndMortyListModel.swift; sourceTree = "<group>"; };
		B13112462A594FD800CB5B9E /* RickAndMortyListViewModel.swift */ = {isa = PBXFileReference; lastKnownFileType = sourcecode.swift; path = RickAndMortyListViewModel.swift; sourceTree = "<group>"; };
		B131124A2A59592900CB5B9E /* RickAndMortyServices.swift */ = {isa = PBXFileReference; lastKnownFileType = sourcecode.swift; path = RickAndMortyServices.swift; sourceTree = "<group>"; };
		B131124E2A59649000CB5B9E /* CharacterCell.swift */ = {isa = PBXFileReference; lastKnownFileType = sourcecode.swift; path = CharacterCell.swift; sourceTree = "<group>"; };
		B13112512A596E1700CB5B9E /* DetailView.swift */ = {isa = PBXFileReference; lastKnownFileType = sourcecode.swift; path = DetailView.swift; sourceTree = "<group>"; };
/* End PBXFileReference section */

/* Begin PBXFrameworksBuildPhase section */
		B13112002A594AC100CB5B9E /* Frameworks */ = {
			isa = PBXFrameworksBuildPhase;
			buildActionMask = 2147483647;
			files = (
			);
			runOnlyForDeploymentPostprocessing = 0;
		};
		B13112152A594AC100CB5B9E /* Frameworks */ = {
			isa = PBXFrameworksBuildPhase;
			buildActionMask = 2147483647;
			files = (
			);
			runOnlyForDeploymentPostprocessing = 0;
		};
		B131121F2A594AC200CB5B9E /* Frameworks */ = {
			isa = PBXFrameworksBuildPhase;
			buildActionMask = 2147483647;
			files = (
			);
			runOnlyForDeploymentPostprocessing = 0;
		};
/* End PBXFrameworksBuildPhase section */

/* Begin PBXGroup section */
		B13111FA2A594AC000CB5B9E = {
			isa = PBXGroup;
			children = (
				B13112052A594AC100CB5B9E /* Rick_and_Morty */,
				B131121B2A594AC100CB5B9E /* Rick_and_MortyTests */,
				B13112252A594AC200CB5B9E /* Rick_and_MortyUITests */,
				B13112042A594AC100CB5B9E /* Products */,
			);
			sourceTree = "<group>";
		};
		B13112042A594AC100CB5B9E /* Products */ = {
			isa = PBXGroup;
			children = (
				B13112032A594AC100CB5B9E /* Rick_and_Morty.app */,
				B13112182A594AC100CB5B9E /* Rick_and_MortyTests.xctest */,
				B13112222A594AC200CB5B9E /* Rick_and_MortyUITests.xctest */,
			);
			name = Products;
			sourceTree = "<group>";
		};
		B13112052A594AC100CB5B9E /* Rick_and_Morty */ = {
			isa = PBXGroup;
			children = (
				B13112422A594E1B00CB5B9E /* MVVM */,
				B13112352A594C2B00CB5B9E /* Api */,
				B131120A2A594AC100CB5B9E /* Assets.xcassets */,
				B131120F2A594AC100CB5B9E /* Persistence.swift */,
				B13112112A594AC100CB5B9E /* Rick_and_Morty.xcdatamodeld */,
				B131120C2A594AC100CB5B9E /* Preview Content */,
			);
			path = Rick_and_Morty;
			sourceTree = "<group>";
		};
		B131120C2A594AC100CB5B9E /* Preview Content */ = {
			isa = PBXGroup;
			children = (
				B131120D2A594AC100CB5B9E /* Preview Assets.xcassets */,
			);
			path = "Preview Content";
			sourceTree = "<group>";
		};
		B131121B2A594AC100CB5B9E /* Rick_and_MortyTests */ = {
			isa = PBXGroup;
			children = (
				B131121C2A594AC100CB5B9E /* Rick_and_MortyTests.swift */,
			);
			path = Rick_and_MortyTests;
			sourceTree = "<group>";
		};
		B13112252A594AC200CB5B9E /* Rick_and_MortyUITests */ = {
			isa = PBXGroup;
			children = (
				B13112262A594AC200CB5B9E /* Rick_and_MortyUITests.swift */,
				B13112282A594AC200CB5B9E /* Rick_and_MortyUITestsLaunchTests.swift */,
			);
			path = Rick_and_MortyUITests;
			sourceTree = "<group>";
		};
		B13112352A594C2B00CB5B9E /* Api */ = {
			isa = PBXGroup;
			children = (
				B13112362A594C3F00CB5B9E /* Api.swift */,
				B13112382A594C8300CB5B9E /* ApiProtocol.swift */,
				B131123A2A594CA900CB5B9E /* ApiConfigurationProtocol.swift */,
				B131123C2A594CCA00CB5B9E /* ApiMethod.swift */,
				B131123E2A594D0000CB5B9E /* ApiEndpoint.swift */,
				B13112402A594D1F00CB5B9E /* ApiError.swift */,
			);
			path = Api;
			sourceTree = "<group>";
		};
		B13112422A594E1B00CB5B9E /* MVVM */ = {
			isa = PBXGroup;
			children = (
				B13112432A594E2B00CB5B9E /* List */,
			);
			path = MVVM;
			sourceTree = "<group>";
		};
		B13112432A594E2B00CB5B9E /* List */ = {
			isa = PBXGroup;
			children = (
				B13112502A596DF500CB5B9E /* Views */,
				B13112062A594AC100CB5B9E /* RickAndMortyApp.swift */,
				B13112442A594FC200CB5B9E /* RickAndMortyListModel.swift */,
				B13112462A594FD800CB5B9E /* RickAndMortyListViewModel.swift */,
				B131124A2A59592900CB5B9E /* RickAndMortyServices.swift */,
			);
			path = List;
			sourceTree = "<group>";
		};
		B13112502A596DF500CB5B9E /* Views */ = {
			isa = PBXGroup;
			children = (
				B13112082A594AC100CB5B9E /* RickAndMortyList.swift */,
				B131124E2A59649000CB5B9E /* CharacterCell.swift */,
				B13112512A596E1700CB5B9E /* DetailView.swift */,
			);
			path = Views;
			sourceTree = "<group>";
		};
/* End PBXGroup section */

/* Begin PBXNativeTarget section */
		B13112022A594AC100CB5B9E /* Rick_and_Morty */ = {
			isa = PBXNativeTarget;
			buildConfigurationList = B131122C2A594AC200CB5B9E /* Build configuration list for PBXNativeTarget "Rick_and_Morty" */;
			buildPhases = (
				B13111FF2A594AC100CB5B9E /* Sources */,
				B13112002A594AC100CB5B9E /* Frameworks */,
				B13112012A594AC100CB5B9E /* Resources */,
			);
			buildRules = (
			);
			dependencies = (
			);
			name = Rick_and_Morty;
			productName = Rick_and_Morty;
			productReference = B13112032A594AC100CB5B9E /* Rick_and_Morty.app */;
			productType = "com.apple.product-type.application";
		};
		B13112172A594AC100CB5B9E /* Rick_and_MortyTests */ = {
			isa = PBXNativeTarget;
			buildConfigurationList = B131122F2A594AC200CB5B9E /* Build configuration list for PBXNativeTarget "Rick_and_MortyTests" */;
			buildPhases = (
				B13112142A594AC100CB5B9E /* Sources */,
				B13112152A594AC100CB5B9E /* Frameworks */,
				B13112162A594AC100CB5B9E /* Resources */,
			);
			buildRules = (
			);
			dependencies = (
				B131121A2A594AC100CB5B9E /* PBXTargetDependency */,
			);
			name = Rick_and_MortyTests;
			productName = Rick_and_MortyTests;
			productReference = B13112182A594AC100CB5B9E /* Rick_and_MortyTests.xctest */;
			productType = "com.apple.product-type.bundle.unit-test";
		};
		B13112212A594AC200CB5B9E /* Rick_and_MortyUITests */ = {
			isa = PBXNativeTarget;
			buildConfigurationList = B13112322A594AC200CB5B9E /* Build configuration list for PBXNativeTarget "Rick_and_MortyUITests" */;
			buildPhases = (
				B131121E2A594AC200CB5B9E /* Sources */,
				B131121F2A594AC200CB5B9E /* Frameworks */,
				B13112202A594AC200CB5B9E /* Resources */,
			);
			buildRules = (
			);
			dependencies = (
				B13112242A594AC200CB5B9E /* PBXTargetDependency */,
			);
			name = Rick_and_MortyUITests;
			productName = Rick_and_MortyUITests;
			productReference = B13112222A594AC200CB5B9E /* Rick_and_MortyUITests.xctest */;
			productType = "com.apple.product-type.bundle.ui-testing";
		};
/* End PBXNativeTarget section */

/* Begin PBXProject section */
		B13111FB2A594AC000CB5B9E /* Project object */ = {
			isa = PBXProject;
			attributes = {
				BuildIndependentTargetsInParallel = 1;
				LastSwiftUpdateCheck = 1430;
				LastUpgradeCheck = 1430;
				TargetAttributes = {
					B13112022A594AC100CB5B9E = {
						CreatedOnToolsVersion = 14.3.1;
					};
					B13112172A594AC100CB5B9E = {
						CreatedOnToolsVersion = 14.3.1;
						TestTargetID = B13112022A594AC100CB5B9E;
					};
					B13112212A594AC200CB5B9E = {
						CreatedOnToolsVersion = 14.3.1;
						TestTargetID = B13112022A594AC100CB5B9E;
					};
				};
			};
			buildConfigurationList = B13111FE2A594AC000CB5B9E /* Build configuration list for PBXProject "Rick_and_Morty" */;
			compatibilityVersion = "Xcode 14.0";
			developmentRegion = en;
			hasScannedForEncodings = 0;
			knownRegions = (
				en,
				Base,
			);
			mainGroup = B13111FA2A594AC000CB5B9E;
			productRefGroup = B13112042A594AC100CB5B9E /* Products */;
			projectDirPath = "";
			projectRoot = "";
			targets = (
				B13112022A594AC100CB5B9E /* Rick_and_Morty */,
				B13112172A594AC100CB5B9E /* Rick_and_MortyTests */,
				B13112212A594AC200CB5B9E /* Rick_and_MortyUITests */,
			);
		};
/* End PBXProject section */

/* Begin PBXResourcesBuildPhase section */
		B13112012A594AC100CB5B9E /* Resources */ = {
			isa = PBXResourcesBuildPhase;
			buildActionMask = 2147483647;
			files = (
				B131120E2A594AC100CB5B9E /* Preview Assets.xcassets in Resources */,
				B131120B2A594AC100CB5B9E /* Assets.xcassets in Resources */,
			);
			runOnlyForDeploymentPostprocessing = 0;
		};
		B13112162A594AC100CB5B9E /* Resources */ = {
			isa = PBXResourcesBuildPhase;
			buildActionMask = 2147483647;
			files = (
			);
			runOnlyForDeploymentPostprocessing = 0;
		};
		B13112202A594AC200CB5B9E /* Resources */ = {
			isa = PBXResourcesBuildPhase;
			buildActionMask = 2147483647;
			files = (
			);
			runOnlyForDeploymentPostprocessing = 0;
		};
/* End PBXResourcesBuildPhase section */

/* Begin PBXSourcesBuildPhase section */
		B13111FF2A594AC100CB5B9E /* Sources */ = {
			isa = PBXSourcesBuildPhase;
			buildActionMask = 2147483647;
			files = (
				B13112452A594FC200CB5B9E /* RickAndMortyListModel.swift in Sources */,
				B13112132A594AC100CB5B9E /* Rick_and_Morty.xcdatamodeld in Sources */,
				B13112102A594AC100CB5B9E /* Persistence.swift in Sources */,
				B131124F2A59649000CB5B9E /* CharacterCell.swift in Sources */,
				B13112092A594AC100CB5B9E /* RickAndMortyList.swift in Sources */,
				B13112412A594D1F00CB5B9E /* ApiError.swift in Sources */,
				B13112372A594C3F00CB5B9E /* Api.swift in Sources */,
				B131124B2A59592900CB5B9E /* RickAndMortyServices.swift in Sources */,
				B13112392A594C8300CB5B9E /* ApiProtocol.swift in Sources */,
				B131123D2A594CCA00CB5B9E /* ApiMethod.swift in Sources */,
				B13112072A594AC100CB5B9E /* RickAndMortyApp.swift in Sources */,
				B13112472A594FD800CB5B9E /* RickAndMortyListViewModel.swift in Sources */,
				B131123B2A594CA900CB5B9E /* ApiConfigurationProtocol.swift in Sources */,
				B13112522A596E1700CB5B9E /* DetailView.swift in Sources */,
				B131123F2A594D0000CB5B9E /* ApiEndpoint.swift in Sources */,
			);
			runOnlyForDeploymentPostprocessing = 0;
		};
		B13112142A594AC100CB5B9E /* Sources */ = {
			isa = PBXSourcesBuildPhase;
			buildActionMask = 2147483647;
			files = (
				B131121D2A594AC100CB5B9E /* Rick_and_MortyTests.swift in Sources */,
			);
			runOnlyForDeploymentPostprocessing = 0;
		};
		B131121E2A594AC200CB5B9E /* Sources */ = {
			isa = PBXSourcesBuildPhase;
			buildActionMask = 2147483647;
			files = (
				B13112272A594AC200CB5B9E /* Rick_and_MortyUITests.swift in Sources */,
				B13112292A594AC200CB5B9E /* Rick_and_MortyUITestsLaunchTests.swift in Sources */,
			);
			runOnlyForDeploymentPostprocessing = 0;
		};
/* End PBXSourcesBuildPhase section */

/* Begin PBXTargetDependency section */
		B131121A2A594AC100CB5B9E /* PBXTargetDependency */ = {
			isa = PBXTargetDependency;
			target = B13112022A594AC100CB5B9E /* Rick_and_Morty */;
			targetProxy = B13112192A594AC100CB5B9E /* PBXContainerItemProxy */;
		};
		B13112242A594AC200CB5B9E /* PBXTargetDependency */ = {
			isa = PBXTargetDependency;
			target = B13112022A594AC100CB5B9E /* Rick_and_Morty */;
			targetProxy = B13112232A594AC200CB5B9E /* PBXContainerItemProxy */;
		};
/* End PBXTargetDependency section */

/* Begin XCBuildConfiguration section */
		B131122A2A594AC200CB5B9E /* Debug */ = {
			isa = XCBuildConfiguration;
			buildSettings = {
				ALWAYS_SEARCH_USER_PATHS = NO;
				CLANG_ANALYZER_NONNULL = YES;
				CLANG_ANALYZER_NUMBER_OBJECT_CONVERSION = YES_AGGRESSIVE;
				CLANG_CXX_LANGUAGE_STANDARD = "gnu++20";
				CLANG_ENABLE_MODULES = YES;
				CLANG_ENABLE_OBJC_ARC = YES;
				CLANG_ENABLE_OBJC_WEAK = YES;
				CLANG_WARN_BLOCK_CAPTURE_AUTORELEASING = YES;
				CLANG_WARN_BOOL_CONVERSION = YES;
				CLANG_WARN_COMMA = YES;
				CLANG_WARN_CONSTANT_CONVERSION = YES;
				CLANG_WARN_DEPRECATED_OBJC_IMPLEMENTATIONS = YES;
				CLANG_WARN_DIRECT_OBJC_ISA_USAGE = YES_ERROR;
				CLANG_WARN_DOCUMENTATION_COMMENTS = YES;
				CLANG_WARN_EMPTY_BODY = YES;
				CLANG_WARN_ENUM_CONVERSION = YES;
				CLANG_WARN_INFINITE_RECURSION = YES;
				CLANG_WARN_INT_CONVERSION = YES;
				CLANG_WARN_NON_LITERAL_NULL_CONVERSION = YES;
				CLANG_WARN_OBJC_IMPLICIT_RETAIN_SELF = YES;
				CLANG_WARN_OBJC_LITERAL_CONVERSION = YES;
				CLANG_WARN_OBJC_ROOT_CLASS = YES_ERROR;
				CLANG_WARN_QUOTED_INCLUDE_IN_FRAMEWORK_HEADER = YES;
				CLANG_WARN_RANGE_LOOP_ANALYSIS = YES;
				CLANG_WARN_STRICT_PROTOTYPES = YES;
				CLANG_WARN_SUSPICIOUS_MOVE = YES;
				CLANG_WARN_UNGUARDED_AVAILABILITY = YES_AGGRESSIVE;
				CLANG_WARN_UNREACHABLE_CODE = YES;
				CLANG_WARN__DUPLICATE_METHOD_MATCH = YES;
				COPY_PHASE_STRIP = NO;
				DEBUG_INFORMATION_FORMAT = dwarf;
				ENABLE_STRICT_OBJC_MSGSEND = YES;
				ENABLE_TESTABILITY = YES;
				GCC_C_LANGUAGE_STANDARD = gnu11;
				GCC_DYNAMIC_NO_PIC = NO;
				GCC_NO_COMMON_BLOCKS = YES;
				GCC_OPTIMIZATION_LEVEL = 0;
				GCC_PREPROCESSOR_DEFINITIONS = (
					"DEBUG=1",
					"$(inherited)",
				);
				GCC_WARN_64_TO_32_BIT_CONVERSION = YES;
				GCC_WARN_ABOUT_RETURN_TYPE = YES_ERROR;
				GCC_WARN_UNDECLARED_SELECTOR = YES;
				GCC_WARN_UNINITIALIZED_AUTOS = YES_AGGRESSIVE;
				GCC_WARN_UNUSED_FUNCTION = YES;
				GCC_WARN_UNUSED_VARIABLE = YES;
				IPHONEOS_DEPLOYMENT_TARGET = 16.4;
				MTL_ENABLE_DEBUG_INFO = INCLUDE_SOURCE;
				MTL_FAST_MATH = YES;
				ONLY_ACTIVE_ARCH = YES;
				SDKROOT = iphoneos;
				SWIFT_ACTIVE_COMPILATION_CONDITIONS = DEBUG;
				SWIFT_OPTIMIZATION_LEVEL = "-Onone";
			};
			name = Debug;
		};
		B131122B2A594AC200CB5B9E /* Release */ = {
			isa = XCBuildConfiguration;
			buildSettings = {
				ALWAYS_SEARCH_USER_PATHS = NO;
				CLANG_ANALYZER_NONNULL = YES;
				CLANG_ANALYZER_NUMBER_OBJECT_CONVERSION = YES_AGGRESSIVE;
				CLANG_CXX_LANGUAGE_STANDARD = "gnu++20";
				CLANG_ENABLE_MODULES = YES;
				CLANG_ENABLE_OBJC_ARC = YES;
				CLANG_ENABLE_OBJC_WEAK = YES;
				CLANG_WARN_BLOCK_CAPTURE_AUTORELEASING = YES;
				CLANG_WARN_BOOL_CONVERSION = YES;
				CLANG_WARN_COMMA = YES;
				CLANG_WARN_CONSTANT_CONVERSION = YES;
				CLANG_WARN_DEPRECATED_OBJC_IMPLEMENTATIONS = YES;
				CLANG_WARN_DIRECT_OBJC_ISA_USAGE = YES_ERROR;
				CLANG_WARN_DOCUMENTATION_COMMENTS = YES;
				CLANG_WARN_EMPTY_BODY = YES;
				CLANG_WARN_ENUM_CONVERSION = YES;
				CLANG_WARN_INFINITE_RECURSION = YES;
				CLANG_WARN_INT_CONVERSION = YES;
				CLANG_WARN_NON_LITERAL_NULL_CONVERSION = YES;
				CLANG_WARN_OBJC_IMPLICIT_RETAIN_SELF = YES;
				CLANG_WARN_OBJC_LITERAL_CONVERSION = YES;
				CLANG_WARN_OBJC_ROOT_CLASS = YES_ERROR;
				CLANG_WARN_QUOTED_INCLUDE_IN_FRAMEWORK_HEADER = YES;
				CLANG_WARN_RANGE_LOOP_ANALYSIS = YES;
				CLANG_WARN_STRICT_PROTOTYPES = YES;
				CLANG_WARN_SUSPICIOUS_MOVE = YES;
				CLANG_WARN_UNGUARDED_AVAILABILITY = YES_AGGRESSIVE;
				CLANG_WARN_UNREACHABLE_CODE = YES;
				CLANG_WARN__DUPLICATE_METHOD_MATCH = YES;
				COPY_PHASE_STRIP = NO;
				DEBUG_INFORMATION_FORMAT = "dwarf-with-dsym";
				ENABLE_NS_ASSERTIONS = NO;
				ENABLE_STRICT_OBJC_MSGSEND = YES;
				GCC_C_LANGUAGE_STANDARD = gnu11;
				GCC_NO_COMMON_BLOCKS = YES;
				GCC_WARN_64_TO_32_BIT_CONVERSION = YES;
				GCC_WARN_ABOUT_RETURN_TYPE = YES_ERROR;
				GCC_WARN_UNDECLARED_SELECTOR = YES;
				GCC_WARN_UNINITIALIZED_AUTOS = YES_AGGRESSIVE;
				GCC_WARN_UNUSED_FUNCTION = YES;
				GCC_WARN_UNUSED_VARIABLE = YES;
				IPHONEOS_DEPLOYMENT_TARGET = 16.4;
				MTL_ENABLE_DEBUG_INFO = NO;
				MTL_FAST_MATH = YES;
				SDKROOT = iphoneos;
				SWIFT_COMPILATION_MODE = wholemodule;
				SWIFT_OPTIMIZATION_LEVEL = "-O";
				VALIDATE_PRODUCT = YES;
			};
			name = Release;
		};
		B131122D2A594AC200CB5B9E /* Debug */ = {
			isa = XCBuildConfiguration;
			buildSettings = {
				ASSETCATALOG_COMPILER_APPICON_NAME = AppIcon;
				ASSETCATALOG_COMPILER_GLOBAL_ACCENT_COLOR_NAME = AccentColor;
				CODE_SIGN_STYLE = Automatic;
				CURRENT_PROJECT_VERSION = 1;
				DEVELOPMENT_ASSET_PATHS = "\"Rick_and_Morty/Preview Content\"";
				ENABLE_PREVIEWS = YES;
				GENERATE_INFOPLIST_FILE = YES;
				INFOPLIST_KEY_UIApplicationSceneManifest_Generation = YES;
				INFOPLIST_KEY_UIApplicationSupportsIndirectInputEvents = YES;
				INFOPLIST_KEY_UILaunchScreen_Generation = YES;
				INFOPLIST_KEY_UISupportedInterfaceOrientations_iPad = "UIInterfaceOrientationPortrait UIInterfaceOrientationPortraitUpsideDown UIInterfaceOrientationLandscapeLeft UIInterfaceOrientationLandscapeRight";
				INFOPLIST_KEY_UISupportedInterfaceOrientations_iPhone = "UIInterfaceOrientationPortrait UIInterfaceOrientationLandscapeLeft UIInterfaceOrientationLandscapeRight";
				LD_RUNPATH_SEARCH_PATHS = (
					"$(inherited)",
					"@executable_path/Frameworks",
				);
				MARKETING_VERSION = 1.0;
				PRODUCT_BUNDLE_IDENTIFIER = "com.sara.Rick-and-Morty";
				PRODUCT_NAME = "$(TARGET_NAME)";
				SWIFT_EMIT_LOC_STRINGS = YES;
				SWIFT_VERSION = 5.0;
				TARGETED_DEVICE_FAMILY = "1,2";
			};
			name = Debug;
		};
		B131122E2A594AC200CB5B9E /* Release */ = {
			isa = XCBuildConfiguration;
			buildSettings = {
				ASSETCATALOG_COMPILER_APPICON_NAME = AppIcon;
				ASSETCATALOG_COMPILER_GLOBAL_ACCENT_COLOR_NAME = AccentColor;
				CODE_SIGN_STYLE = Automatic;
				CURRENT_PROJECT_VERSION = 1;
				DEVELOPMENT_ASSET_PATHS = "\"Rick_and_Morty/Preview Content\"";
				ENABLE_PREVIEWS = YES;
				GENERATE_INFOPLIST_FILE = YES;
				INFOPLIST_KEY_UIApplicationSceneManifest_Generation = YES;
				INFOPLIST_KEY_UIApplicationSupportsIndirectInputEvents = YES;
				INFOPLIST_KEY_UILaunchScreen_Generation = YES;
				INFOPLIST_KEY_UISupportedInterfaceOrientations_iPad = "UIInterfaceOrientationPortrait UIInterfaceOrientationPortraitUpsideDown UIInterfaceOrientationLandscapeLeft UIInterfaceOrientationLandscapeRight";
				INFOPLIST_KEY_UISupportedInterfaceOrientations_iPhone = "UIInterfaceOrientationPortrait UIInterfaceOrientationLandscapeLeft UIInterfaceOrientationLandscapeRight";
				LD_RUNPATH_SEARCH_PATHS = (
					"$(inherited)",
					"@executable_path/Frameworks",
				);
				MARKETING_VERSION = 1.0;
				PRODUCT_BUNDLE_IDENTIFIER = "com.sara.Rick-and-Morty";
				PRODUCT_NAME = "$(TARGET_NAME)";
				SWIFT_EMIT_LOC_STRINGS = YES;
				SWIFT_VERSION = 5.0;
				TARGETED_DEVICE_FAMILY = "1,2";
			};
			name = Release;
		};
		B13112302A594AC200CB5B9E /* Debug */ = {
			isa = XCBuildConfiguration;
			buildSettings = {
				ALWAYS_EMBED_SWIFT_STANDARD_LIBRARIES = YES;
				BUNDLE_LOADER = "$(TEST_HOST)";
				CODE_SIGN_STYLE = Automatic;
				CURRENT_PROJECT_VERSION = 1;
				GENERATE_INFOPLIST_FILE = YES;
				IPHONEOS_DEPLOYMENT_TARGET = 16.4;
				MARKETING_VERSION = 1.0;
				PRODUCT_BUNDLE_IDENTIFIER = "com.sara.Rick-and-MortyTests";
				PRODUCT_NAME = "$(TARGET_NAME)";
				SWIFT_EMIT_LOC_STRINGS = NO;
				SWIFT_VERSION = 5.0;
				TARGETED_DEVICE_FAMILY = "1,2";
				TEST_HOST = "$(BUILT_PRODUCTS_DIR)/Rick_and_Morty.app/$(BUNDLE_EXECUTABLE_FOLDER_PATH)/Rick_and_Morty";
			};
			name = Debug;
		};
		B13112312A594AC200CB5B9E /* Release */ = {
			isa = XCBuildConfiguration;
			buildSettings = {
				ALWAYS_EMBED_SWIFT_STANDARD_LIBRARIES = YES;
				BUNDLE_LOADER = "$(TEST_HOST)";
				CODE_SIGN_STYLE = Automatic;
				CURRENT_PROJECT_VERSION = 1;
				GENERATE_INFOPLIST_FILE = YES;
				IPHONEOS_DEPLOYMENT_TARGET = 16.4;
				MARKETING_VERSION = 1.0;
				PRODUCT_BUNDLE_IDENTIFIER = "com.sara.Rick-and-MortyTests";
				PRODUCT_NAME = "$(TARGET_NAME)";
				SWIFT_EMIT_LOC_STRINGS = NO;
				SWIFT_VERSION = 5.0;
				TARGETED_DEVICE_FAMILY = "1,2";
				TEST_HOST = "$(BUILT_PRODUCTS_DIR)/Rick_and_Morty.app/$(BUNDLE_EXECUTABLE_FOLDER_PATH)/Rick_and_Morty";
			};
			name = Release;
		};
		B13112332A594AC200CB5B9E /* Debug */ = {
			isa = XCBuildConfiguration;
			buildSettings = {
				ALWAYS_EMBED_SWIFT_STANDARD_LIBRARIES = YES;
				CODE_SIGN_STYLE = Automatic;
				CURRENT_PROJECT_VERSION = 1;
				GENERATE_INFOPLIST_FILE = YES;
				MARKETING_VERSION = 1.0;
				PRODUCT_BUNDLE_IDENTIFIER = "com.sara.Rick-and-MortyUITests";
				PRODUCT_NAME = "$(TARGET_NAME)";
				SWIFT_EMIT_LOC_STRINGS = NO;
				SWIFT_VERSION = 5.0;
				TARGETED_DEVICE_FAMILY = "1,2";
				TEST_TARGET_NAME = Rick_and_Morty;
			};
			name = Debug;
		};
		B13112342A594AC200CB5B9E /* Release */ = {
			isa = XCBuildConfiguration;
			buildSettings = {
				ALWAYS_EMBED_SWIFT_STANDARD_LIBRARIES = YES;
				CODE_SIGN_STYLE = Automatic;
				CURRENT_PROJECT_VERSION = 1;
				GENERATE_INFOPLIST_FILE = YES;
				MARKETING_VERSION = 1.0;
				PRODUCT_BUNDLE_IDENTIFIER = "com.sara.Rick-and-MortyUITests";
				PRODUCT_NAME = "$(TARGET_NAME)";
				SWIFT_EMIT_LOC_STRINGS = NO;
				SWIFT_VERSION = 5.0;
				TARGETED_DEVICE_FAMILY = "1,2";
				TEST_TARGET_NAME = Rick_and_Morty;
			};
			name = Release;
		};
/* End XCBuildConfiguration section */

/* Begin XCConfigurationList section */
		B13111FE2A594AC000CB5B9E /* Build configuration list for PBXProject "Rick_and_Morty" */ = {
			isa = XCConfigurationList;
			buildConfigurations = (
				B131122A2A594AC200CB5B9E /* Debug */,
				B131122B2A594AC200CB5B9E /* Release */,
			);
			defaultConfigurationIsVisible = 0;
			defaultConfigurationName = Release;
		};
		B131122C2A594AC200CB5B9E /* Build configuration list for PBXNativeTarget "Rick_and_Morty" */ = {
			isa = XCConfigurationList;
			buildConfigurations = (
				B131122D2A594AC200CB5B9E /* Debug */,
				B131122E2A594AC200CB5B9E /* Release */,
			);
			defaultConfigurationIsVisible = 0;
			defaultConfigurationName = Release;
		};
		B131122F2A594AC200CB5B9E /* Build configuration list for PBXNativeTarget "Rick_and_MortyTests" */ = {
			isa = XCConfigurationList;
			buildConfigurations = (
				B13112302A594AC200CB5B9E /* Debug */,
				B13112312A594AC200CB5B9E /* Release */,
			);
			defaultConfigurationIsVisible = 0;
			defaultConfigurationName = Release;
		};
		B13112322A594AC200CB5B9E /* Build configuration list for PBXNativeTarget "Rick_and_MortyUITests" */ = {
			isa = XCConfigurationList;
			buildConfigurations = (
				B13112332A594AC200CB5B9E /* Debug */,
				B13112342A594AC200CB5B9E /* Release */,
			);
			defaultConfigurationIsVisible = 0;
			defaultConfigurationName = Release;
		};
/* End XCConfigurationList section */

/* Begin XCVersionGroup section */
		B13112112A594AC100CB5B9E /* Rick_and_Morty.xcdatamodeld */ = {
			isa = XCVersionGroup;
			children = (
				B13112122A594AC100CB5B9E /* Rick_and_Morty.xcdatamodel */,
			);
			currentVersion = B13112122A594AC100CB5B9E /* Rick_and_Morty.xcdatamodel */;
			path = Rick_and_Morty.xcdatamodeld;
			sourceTree = "<group>";
			versionGroupType = wrapper.xcdatamodel;
		};
/* End XCVersionGroup section */
	};
	rootObject = B13111FB2A594AC000CB5B9E /* Project object */;
}
